{
  "version": 4,
  "terraform_version": "1.3.5",
  "serial": 4,
  "lineage": "6b2f1f5c-900c-7b56-82fd-228f6a5e3f44",
  "outputs": {
    "archivo": {
      "value": "test.txt",
      "type": "string"
    },
    "archivo-dos": {
      "value": "dos.txt",
      "type": "string"
    },
    "archivo-tres": {
      "value": "Este es mi primer módulo",
      "type": "string"
    }
  },
  "resources": [
    {
      "module": "module.file-module",
      "mode": "managed",
      "type": "local_file",
      "name": "module-demo",
      "provider": "provider[\"registry.terraform.io/hashicorp/local\"]",
      "instances": [
        {
          "schema_version": 0,
          "attributes": {
            "content": "Este es mi primer módulo",
            "content_base64": null,
            "directory_permission": "0777",
            "file_permission": "0777",
            "filename": "test.txt",
            "id": "44be640597c61eba1c0075bb994c4fa683472875",
            "sensitive_content": null,
            "source": null
          },
          "sensitive_attributes": [],
          "private": "bnVsbA=="
        }
      ]
    },
    {
      "module": "module.file-module-dos",
      "mode": "managed",
      "type": "local_file",
      "name": "module-demo",
      "provider": "provider[\"registry.terraform.io/hashicorp/local\"]",
      "instances": [
        {
          "schema_version": 0,
          "attributes": {
            "content": "Este es mi primer módulo",
            "content_base64": null,
            "directory_permission": "0777",
            "file_permission": "0777",
            "filename": "dos.txt",
            "id": "44be640597c61eba1c0075bb994c4fa683472875",
            "sensitive_content": null,
            "source": null
          },
          "sensitive_attributes": [],
          "private": "bnVsbA=="
        }
      ]
    },
    {
      "module": "module.file-module-tres",
      "mode": "managed",
      "type": "local_file",
      "name": "module-demo",
      "provider": "provider[\"registry.terraform.io/hashicorp/local\"]",
      "instances": [
        {
          "schema_version": 0,
          "attributes": {
            "content": "Este es mi primer módulo",
            "content_base64": null,
            "directory_permission": "0777",
            "file_permission": "0777",
            "filename": "tres.txt",
            "id": "44be640597c61eba1c0075bb994c4fa683472875",
            "sensitive_content": null,
            "source": null
          },
          "sensitive_attributes": [],
          "private": "bnVsbA=="
        }
      ]
    }
  ],
  "check_results": null
}
