{
  "version": 4,
  "terraform_version": "1.3.5",
  "serial": 5,
  "lineage": "cbe396e6-76d4-d204-aed6-94afa9a79a2a",
  "outputs": {},
  "resources": [
    {
      "mode": "managed",
      "type": "local_file",
      "name": "demo01",
      "provider": "provider[\"registry.terraform.io/hashicorp/local\"]",
      "instances": [
        {
          "schema_version": 0,
          "attributes": {
            "content": "Esta es mi lab de terraform",
            "content_base64": null,
            "directory_permission": "0777",
            "file_permission": "0644",
            "filename": "demo01.txt",
            "id": "2b0e3c70562d2e7c1d4aa05cd6988f7b96271bd4",
            "sensitive_content": null,
            "source": null
          },
          "sensitive_attributes": [],
          "private": "bnVsbA=="
        }
      ]
    },
    {
      "mode": "managed",
      "type": "local_file",
      "name": "demo1",
      "provider": "provider[\"registry.terraform.io/hashicorp/local\"]",
      "instances": [
        {
          "schema_version": 0,
          "attributes": {
            "content": "Este es mi primer lab de terraform",
            "content_base64": null,
            "directory_permission": "0777",
            "file_permission": "0777",
            "filename": "demo01.txt",
            "id": "d827878cbffa3754ca2966e72d07eb918c70d93f",
            "sensitive_content": null,
            "source": null
          },
          "sensitive_attributes": [],
          "private": "bnVsbA=="
        }
      ]
    }
  ],
  "check_results": null
}
