{
  "version": 4,
  "terraform_version": "1.3.5",
  "serial": 9,
  "lineage": "36f89cc7-5122-077b-3590-254b06d38cde",
  "outputs": {},
  "resources": [
    {
      "mode": "managed",
      "type": "local_file",
      "name": "file",
      "provider": "provider[\"registry.terraform.io/hashicorp/local\"]",
      "instances": [
        {
          "schema_version": 0,
          "attributes": {
            "content": "bye.txt",
            "content_base64": null,
            "directory_permission": "0777",
            "file_permission": "777",
            "filename": "byte.txt",
            "id": "77bb77696adf239f83b9f56bef3ce96ff3819c55",
            "sensitive_content": null,
            "source": null
          },
          "sensitive_attributes": [],
          "private": "bnVsbA==",
          "create_before_destroy": true
        }
      ]
    }
  ],
  "check_results": null
}
