{
  "version": 4,
  "terraform_version": "1.3.5",
  "serial": 15,
  "lineage": "d0eb40b2-5c46-d38d-da8c-44bb019af099",
  "outputs": {
    "bucket_url": {
      "value": {
        "../assets/demo_func01.png": "terraformlabs-test-bucket-100.s3.amazonaws.com/ets/demo_func01.png",
        "../assets/demo_func02.jpg": "terraformlabs-test-bucket-100.s3.amazonaws.com/ets/demo_func02.jpg",
        "../assets/demo_func03.jpg": "terraformlabs-test-bucket-100.s3.amazonaws.com/ets/demo_func03.jpg"
      },
      "type": [
        "object",
        {
          "../assets/demo_func01.png": "string",
          "../assets/demo_func02.jpg": "string",
          "../assets/demo_func03.jpg": "string"
        }
      ]
    }
  },
  "resources": [
    {
      "mode": "managed",
      "type": "aws_s3_bucket",
      "name": "media",
      "provider": "provider[\"registry.terraform.io/hashicorp/aws\"]",
      "instances": [
        {
          "schema_version": 0,
          "attributes": {
            "acceleration_status": "",
            "acl": null,
            "arn": "arn:aws:s3:::terraformlabs-test-bucket-100",
            "bucket": "terraformlabs-test-bucket-100",
            "bucket_domain_name": "terraformlabs-test-bucket-100.s3.amazonaws.com",
            "bucket_prefix": null,
            "bucket_regional_domain_name": "terraformlabs-test-bucket-100.s3.amazonaws.com",
            "cors_rule": [],
            "force_destroy": false,
            "grant": [
              {
                "id": "49ff3b3cd3d789ed2ee8a9bbc28f70000a8c964f934b6295b5c17a9ff60b55d9",
                "permissions": [
                  "FULL_CONTROL"
                ],
                "type": "CanonicalUser",
                "uri": ""
              }
            ],
            "hosted_zone_id": "Z3AQBSTGFYJSTF",
            "id": "terraformlabs-test-bucket-100",
            "lifecycle_rule": [],
            "logging": [],
            "object_lock_configuration": [],
            "object_lock_enabled": false,
            "policy": "",
            "region": "us-east-1",
            "replication_configuration": [],
            "request_payer": "BucketOwner",
            "server_side_encryption_configuration": [],
            "tags": {},
            "tags_all": {},
            "timeouts": null,
            "versioning": [
              {
                "enabled": false,
                "mfa_delete": false
              }
            ],
            "website": [],
            "website_domain": null,
            "website_endpoint": null
          },
          "sensitive_attributes": [],
          "private": "eyJlMmJmYjczMC1lY2FhLTExZTYtOGY4OC0zNDM2M2JjN2M0YzAiOnsiY3JlYXRlIjoxMjAwMDAwMDAwMDAwLCJkZWxldGUiOjM2MDAwMDAwMDAwMDAsInJlYWQiOjEyMDAwMDAwMDAwMDAsInVwZGF0ZSI6MTIwMDAwMDAwMDAwMH19"
        }
      ]
    },
    {
      "mode": "managed",
      "type": "aws_s3_object",
      "name": "upload_media",
      "provider": "provider[\"registry.terraform.io/hashicorp/aws\"]",
      "instances": [
        {
          "index_key": "../assets/demo_func01.png",
          "schema_version": 0,
          "attributes": {
            "acl": "private",
            "bucket": "terraformlabs-test-bucket-100",
            "bucket_key_enabled": false,
            "cache_control": "",
            "content": null,
            "content_base64": null,
            "content_disposition": "",
            "content_encoding": "",
            "content_language": "",
            "content_type": "binary/octet-stream",
            "etag": "5843b5ecd70d2c62fe225c5b583bc075",
            "force_destroy": false,
            "id": "ets/demo_func01.png",
            "key": "ets/demo_func01.png",
            "kms_key_id": null,
            "metadata": null,
            "object_lock_legal_hold_status": "",
            "object_lock_mode": "",
            "object_lock_retain_until_date": "",
            "server_side_encryption": "",
            "source": "../assets/demo_func01.png",
            "source_hash": null,
            "storage_class": "STANDARD",
            "tags": null,
            "tags_all": {},
            "version_id": "",
            "website_redirect": ""
          },
          "sensitive_attributes": [],
          "private": "bnVsbA==",
          "dependencies": [
            "aws_s3_bucket.media"
          ]
        },
        {
          "index_key": "../assets/demo_func02.jpg",
          "schema_version": 0,
          "attributes": {
            "acl": "private",
            "bucket": "terraformlabs-test-bucket-100",
            "bucket_key_enabled": false,
            "cache_control": "",
            "content": null,
            "content_base64": null,
            "content_disposition": "",
            "content_encoding": "",
            "content_language": "",
            "content_type": "binary/octet-stream",
            "etag": "5843b5ecd70d2c62fe225c5b583bc075",
            "force_destroy": false,
            "id": "ets/demo_func02.jpg",
            "key": "ets/demo_func02.jpg",
            "kms_key_id": null,
            "metadata": {},
            "object_lock_legal_hold_status": "",
            "object_lock_mode": "",
            "object_lock_retain_until_date": "",
            "server_side_encryption": "",
            "source": "../assets/demo_func02.jpg",
            "source_hash": null,
            "storage_class": "STANDARD",
            "tags": {},
            "tags_all": {},
            "version_id": "",
            "website_redirect": ""
          },
          "sensitive_attributes": [],
          "private": "bnVsbA==",
          "dependencies": [
            "aws_s3_bucket.media"
          ]
        },
        {
          "index_key": "../assets/demo_func03.jpg",
          "schema_version": 0,
          "attributes": {
            "acl": "private",
            "bucket": "terraformlabs-test-bucket-100",
            "bucket_key_enabled": false,
            "cache_control": "",
            "content": null,
            "content_base64": null,
            "content_disposition": "",
            "content_encoding": "",
            "content_language": "",
            "content_type": "binary/octet-stream",
            "etag": "5843b5ecd70d2c62fe225c5b583bc075",
            "force_destroy": false,
            "id": "ets/demo_func03.jpg",
            "key": "ets/demo_func03.jpg",
            "kms_key_id": null,
            "metadata": {},
            "object_lock_legal_hold_status": "",
            "object_lock_mode": "",
            "object_lock_retain_until_date": "",
            "server_side_encryption": "",
            "source": "../assets/demo_func03.jpg",
            "source_hash": null,
            "storage_class": "STANDARD",
            "tags": {},
            "tags_all": {},
            "version_id": "",
            "website_redirect": ""
          },
          "sensitive_attributes": [],
          "private": "bnVsbA==",
          "dependencies": [
            "aws_s3_bucket.media"
          ]
        }
      ]
    }
  ],
  "check_results": null
}
