{
  "version": 4,
  "terraform_version": "1.3.5",
  "serial": 303,
  "lineage": "df656f9f-9bb5-c05a-e7fb-166b3d08385d",
  "outputs": {},
  "resources": [
    {
      "mode": "data",
      "type": "aws_ami",
      "name": "ubuntu",
      "provider": "provider[\"registry.terraform.io/hashicorp/aws\"]",
      "instances": [
        {
          "schema_version": 0,
          "attributes": {
            "architecture": "x86_64",
            "arn": "arn:aws:ec2:us-east-1::image/ami-0778521d914d23bc1",
            "block_device_mappings": [
              {
                "device_name": "/dev/sda1",
                "ebs": {
                  "delete_on_termination": "true",
                  "encrypted": "false",
                  "iops": "0",
                  "snapshot_id": "snap-044a2cb95e3fa7b8a",
                  "throughput": "0",
                  "volume_size": "8",
                  "volume_type": "gp2"
                },
                "no_device": "",
                "virtual_name": ""
              },
              {
                "device_name": "/dev/sdb",
                "ebs": {},
                "no_device": "",
                "virtual_name": "ephemeral0"
              },
              {
                "device_name": "/dev/sdc",
                "ebs": {},
                "no_device": "",
                "virtual_name": "ephemeral1"
              }
            ],
            "boot_mode": "",
            "creation_date": "2023-01-13T19:22:52.000Z",
            "deprecation_time": "2025-01-13T19:22:52.000Z",
            "description": "Canonical, Ubuntu, 20.04 LTS, amd64 focal image build on 2023-01-12",
            "ena_support": true,
            "executable_users": null,
            "filter": [
              {
                "name": "name",
                "values": [
                  "ubuntu/images/hvm-ssd/ubuntu-focal-20.04-amd64-server-*"
                ]
              },
              {
                "name": "virtualization-type",
                "values": [
                  "hvm"
                ]
              }
            ],
            "hypervisor": "xen",
            "id": "ami-0778521d914d23bc1",
            "image_id": "ami-0778521d914d23bc1",
            "image_location": "amazon/ubuntu/images/hvm-ssd/ubuntu-focal-20.04-amd64-server-20230112",
            "image_owner_alias": "amazon",
            "image_type": "machine",
            "imds_support": "",
            "include_deprecated": false,
            "kernel_id": "",
            "most_recent": true,
            "name": "ubuntu/images/hvm-ssd/ubuntu-focal-20.04-amd64-server-20230112",
            "name_regex": null,
            "owner_id": "099720109477",
            "owners": [
              "099720109477"
            ],
            "platform": "",
            "platform_details": "Linux/UNIX",
            "product_codes": [],
            "public": true,
            "ramdisk_id": "",
            "root_device_name": "/dev/sda1",
            "root_device_type": "ebs",
            "root_snapshot_id": "snap-044a2cb95e3fa7b8a",
            "sriov_net_support": "simple",
            "state": "available",
            "state_reason": {
              "code": "UNSET",
              "message": "UNSET"
            },
            "tags": {},
            "timeouts": null,
            "tpm_support": "",
            "usage_operation": "RunInstances",
            "virtualization_type": "hvm"
          },
          "sensitive_attributes": []
        }
      ]
    },
    {
      "mode": "managed",
      "type": "aws_key_pair",
      "name": "ec2_key",
      "provider": "provider[\"registry.terraform.io/hashicorp/aws\"]",
      "instances": [
        {
          "schema_version": 1,
          "attributes": {
            "arn": "arn:aws:ec2:us-east-1:376458611694:key-pair/test",
            "fingerprint": "4d:19:93:af:50:07:37:aa:7a:b6:6c:80:ca:72:d5:58",
            "id": "test",
            "key_name": "test",
            "key_name_prefix": "",
            "key_pair_id": "key-0cce2f0461adcbfc4",
            "key_type": "rsa",
            "public_key": "ssh-rsa AAAAB3NzaC1yc2EAAAADAQABAAACAQDHD2zliQ2d1D1eCXHKCDr6epX831cp4LeeSwUH2E2fwPXeTvzQ86pQPeR3tss52XlXrFXzQrxZcdGAfYJrjPcTAsj8vz//2bLvT8yUubIUO0XNc13Rdkse4MdPTVzh3RnelO14j+TrUFhmW/Vu6biq85uuy4tF6GQKFew05gjLCRV+x9TMExcQW/CfiWhBt7QZ9JoHLTunFCGrT2w6O54vcx4YNNJAqfsORGAKJK6qxmpTvTuaieTleAbJhPEsRSrf0wJ+evI7Zkkb/2fx5fJ0LLC8QOZbLeDGYIqA8J59bfG2MVSRkqqGXrpAAimy0lNga0m/CAgo9o+WL4NDx/w/j65XF3/NqCns15kAE2gXPkY5IPdLog3QHAIfruWvAUYuITUgKwbdWh6GMou7sH41KE6NdooLqAEWCmorzt02HgAcEhfsL4p1QOIcQsWNj7D4UBMMgiNRx1abv2thwqrEyCL1wYYBDZWGUVN5UTccdDUclb2xPjEPzb2SZAaKtRqRQqFsxsJIT1KRuX2vhdX5GWxigAiHSXdghY4ErDwDPDqSm7Ii0O9IFyv2lLnmlNgQc+hGyI7NhkH/fwMjMLwl8A0LYo0PlhJjLK33FUCxxyBG4EvsJgKOn8lbOx/wY+uug23s/MN1DtLJnXS5X2X5PNRmUtlrbm8U84dvzV6I7Q==",
            "tags": {},
            "tags_all": {}
          },
          "sensitive_attributes": [],
          "private": "eyJzY2hlbWFfdmVyc2lvbiI6IjEifQ==",
          "dependencies": [
            "tls_private_key.privateKey"
          ],
          "create_before_destroy": true
        }
      ]
    },
    {
      "mode": "managed",
      "type": "tls_private_key",
      "name": "privateKey",
      "provider": "provider[\"registry.terraform.io/hashicorp/tls\"]",
      "instances": [
        {
          "schema_version": 1,
          "attributes": {
            "algorithm": "RSA",
            "ecdsa_curve": "P224",
            "id": "3f8396535cab69ac154f9153cb31335c75d1ca3f",
            "private_key_openssh": "-----BEGIN OPENSSH PRIVATE KEY-----\nb3BlbnNzaC1rZXktdjEAAAAABG5vbmUAAAAEbm9uZQAAAAAAAAABAAACFwAAAAdz\nc2gtcnNhAAAAAwEAAQAAAgEAxw9s5YkNndQ9Xglxygg6+nqV/N9XKeC3nksFB9hN\nn8D13k780POqUD3kd7bLOdl5V6xV80K8WXHRgH2Ca4z3EwLI/L8//9my70/MlLmy\nFDtFzXNd0XZLHuDHT01c4d0Z3pTteI/k61BYZlv1bum4qvObrsuLRehkChXsNOYI\nywkVfsfUzBMXEFvwn4loQbe0GfSaBy07pxQhq09sOjueL3MeGDTSQKn7DkRgCiSu\nqsZqU707monk5XgGyYTxLEUq39MCfnryO2ZJG/9n8eXydCywvEDmWy3gxmCKgPCe\nfW3xtjFUkZKqhl66QAIpstJTYGtJvwgIKPaPli+DQ8f8P4+uVxd/zagp7NeZABNo\nFz5GOSD3S6IN0BwCH67lrwFGLiE1ICsG3VoehjKLu7B+NShOjXaKC6gBFgpqK87d\nNh4AHBIX7C+KdUDiHELFjY+w+FATDIIjUcdWm79rYcKqxMgi9cGGAQ2VhlFTeVE3\nHHQ1HJW9sT4xD829kmQGirUakUKhbMbCSE9Skbl9r4XV+RlsYoAIh0l3YIWOBKw8\nAzw6kpuyItDvSBcr9pS55pTYEHPoRsiOzYZB/38DIzC8JfANC2KND5YSYyyt9xVA\nsccgRuBL7CYCjp/JWzsf8GPrroNt7PzDdQ7SyZ10uV9l+TzUZlLZa25vFPOHb81e\niO0AAAc41jmZkNY5mZAAAAAHc3NoLXJzYQAAAgEAxw9s5YkNndQ9Xglxygg6+nqV\n/N9XKeC3nksFB9hNn8D13k780POqUD3kd7bLOdl5V6xV80K8WXHRgH2Ca4z3EwLI\n/L8//9my70/MlLmyFDtFzXNd0XZLHuDHT01c4d0Z3pTteI/k61BYZlv1bum4qvOb\nrsuLRehkChXsNOYIywkVfsfUzBMXEFvwn4loQbe0GfSaBy07pxQhq09sOjueL3Me\nGDTSQKn7DkRgCiSuqsZqU707monk5XgGyYTxLEUq39MCfnryO2ZJG/9n8eXydCyw\nvEDmWy3gxmCKgPCefW3xtjFUkZKqhl66QAIpstJTYGtJvwgIKPaPli+DQ8f8P4+u\nVxd/zagp7NeZABNoFz5GOSD3S6IN0BwCH67lrwFGLiE1ICsG3VoehjKLu7B+NShO\njXaKC6gBFgpqK87dNh4AHBIX7C+KdUDiHELFjY+w+FATDIIjUcdWm79rYcKqxMgi\n9cGGAQ2VhlFTeVE3HHQ1HJW9sT4xD829kmQGirUakUKhbMbCSE9Skbl9r4XV+Rls\nYoAIh0l3YIWOBKw8Azw6kpuyItDvSBcr9pS55pTYEHPoRsiOzYZB/38DIzC8JfAN\nC2KND5YSYyyt9xVAsccgRuBL7CYCjp/JWzsf8GPrroNt7PzDdQ7SyZ10uV9l+TzU\nZlLZa25vFPOHb81eiO0AAAADAQABAAACAQDCHlLNjFeRADZQC9nBcUFCnmTB0nLH\nzfKCFRp0ygT4s02RW2nDwrrlwVWZQNLyORfR3ad7sCrI9uuc58hVZYRUL7UcdMzO\njdem9CTHLEdy31J0xfpJl5guJnl25jSbtefSXV0u4vQUXae3Ohof7SA+5Y1+adQJ\nelSEWVidRW5xwQwLNIhZ8ovdUitXCMJ4w9KINTY3pW60wjcLPkqGhzj9gL9qT6hx\nktHW2ermOVt0AkYSH0mOrMZg2CmWP2SJDXKADuAxw2eRcW/+M5WEGf/UNviqvIdn\nh1fZXK/0ibGlE6BRUc3soCBXJO1wGivbzKuuLTIfbo+2kqr3hKH3aYCcKvG3MOd4\nUTDTGvjjr8l4XnuTcSx+5+WDHRyiYE6fBIm8mubJCFHA4oTAVcA95IQ2lE+uCCEa\nhIr2iI+Z8LedHT2k7cuDsrNv43E1Mi6CRhbDXNdD5Yi3uv+nKIltWwgeEeXatyGx\n3kBGAbo9vVkDcmRmY5WjfvhTMqTUkYg3a2QYlGSDmRp1i1LMHxs1hxCItt93GJE9\n71stmIGNtJAwL4140B87r03YdtZKeegfukV7FzZ3xJQ6o4ITDxSKrgnsu7bf4OHf\nYSY5oPt5P2yCeBzg+j7RGDDlJ5Mc0w1oi8X/xf8uxGsXg5UV5uhx/LgbuVWBrSJs\nlCprYyQh61+dQQAAAQAbw0sDJ54PVg/0e5rPREwlPBvC6dUVbyvEYaZsPND/y0IG\n6U9/r6p4yKRoriV4jq07HbZPr5+eR9CWT7VY5X+MHQjoLXIM5CZnsqaWQrE6MX/Y\nKkYaaXSjCO5ljbv/5xK5aM8VN7ptQGw1v3PQGXKKhKdGORWfJmKodfvMEXVOKdvL\nNdXx6bOF8HNv0xP2AYR1XXme5VUQz5nisAawei95PhX/jf38LkViWW6COE3CLXt/\nrJM+Xen5gZx/PHzwDqEjc8MJYiIKM4gIxSrQ8M2/e9DOGZZzMgHAFYqqx2IX2grZ\nbcV+EEMZEm4kthnaERBwGjb2zklKIi9sXn1W7KFcAAABAQDnUpPNtXa8HJwO2lnI\nIUMpPVLSsfWZ85atCajTd02hR9R+bc3qIWphqx1klpARptDGCn0Hek4aucBmUeRw\n+xuPrxPduf3Qg1lV2WIKIem+KyASGyIEQ5FZ5Ng4djQWRYaYLsxWgDS3SdVixTxX\nUMgPsQLOQ6qwCxmUjg5qN8kyju/u/VDfiDJzFLeX81FZL9X8/COBzI+qGMKSbqOW\nGMHmPo3cvPFWrw5vkeoqPKcm+BGOKl02HzA974gwCVpJZ5Fw600Rdq/v8jQgMAne\nZOAVFs1XX2+bMWDGfhxu2JkHrrJE1aOoB6ZgZjdYSwYEfW3Luoidbh05G96oI8L8\nJp71AAABAQDcS8OIu3UtkEZIPnmGPjMeuHmOzUVZwnT2czkUGU+6whfDwWKduDyY\n0mEo5jb8RLGFsM7IQyuQYY8huhq17cbd58mRFFuSaFC9qXJnFvfg1hJbfMelwnkz\nUztyclCXuoCd3l5idPuIG/FmBMRaKPru5zqeEPpBasclMofqeI8SlPiwB9VRR6E9\nvs/H5almK2vlVAfPtiMW2mlI70VPmlsPo46CYFxaCA0X4ncPp7V9WRCC7LXUwNXy\nfp0mKv2t9ZRSYehDxAI90hQuo7b/mx7dkJitm7INsG6Bf1U8osBb9rJAokgNAFYD\nUSzGhPgowemf3apUcUBCIY1Sl+mLbRcZAAAAAAEC\n-----END OPENSSH PRIVATE KEY-----\n",
            "private_key_pem": "-----BEGIN RSA PRIVATE KEY-----\nMIIJKQIBAAKCAgEAxw9s5YkNndQ9Xglxygg6+nqV/N9XKeC3nksFB9hNn8D13k78\n0POqUD3kd7bLOdl5V6xV80K8WXHRgH2Ca4z3EwLI/L8//9my70/MlLmyFDtFzXNd\n0XZLHuDHT01c4d0Z3pTteI/k61BYZlv1bum4qvObrsuLRehkChXsNOYIywkVfsfU\nzBMXEFvwn4loQbe0GfSaBy07pxQhq09sOjueL3MeGDTSQKn7DkRgCiSuqsZqU707\nmonk5XgGyYTxLEUq39MCfnryO2ZJG/9n8eXydCywvEDmWy3gxmCKgPCefW3xtjFU\nkZKqhl66QAIpstJTYGtJvwgIKPaPli+DQ8f8P4+uVxd/zagp7NeZABNoFz5GOSD3\nS6IN0BwCH67lrwFGLiE1ICsG3VoehjKLu7B+NShOjXaKC6gBFgpqK87dNh4AHBIX\n7C+KdUDiHELFjY+w+FATDIIjUcdWm79rYcKqxMgi9cGGAQ2VhlFTeVE3HHQ1HJW9\nsT4xD829kmQGirUakUKhbMbCSE9Skbl9r4XV+RlsYoAIh0l3YIWOBKw8Azw6kpuy\nItDvSBcr9pS55pTYEHPoRsiOzYZB/38DIzC8JfANC2KND5YSYyyt9xVAsccgRuBL\n7CYCjp/JWzsf8GPrroNt7PzDdQ7SyZ10uV9l+TzUZlLZa25vFPOHb81eiO0CAwEA\nAQKCAgEAwh5SzYxXkQA2UAvZwXFBQp5kwdJyx83yghUadMoE+LNNkVtpw8K65cFV\nmUDS8jkX0d2ne7AqyPbrnOfIVWWEVC+1HHTMzo3XpvQkxyxHct9SdMX6SZeYLiZ5\nduY0m7Xn0l1dLuL0FF2ntzoaH+0gPuWNfmnUCXpUhFlYnUVuccEMCzSIWfKL3VIr\nVwjCeMPSiDU2N6VutMI3Cz5Khoc4/YC/ak+ocZLR1tnq5jlbdAJGEh9JjqzGYNgp\nlj9kiQ1ygA7gMcNnkXFv/jOVhBn/1Db4qryHZ4dX2Vyv9ImxpROgUVHN7KAgVyTt\ncBor28yrri0yH26PtpKq94Sh92mAnCrxtzDneFEw0xr446/JeF57k3Esfuflgx0c\nomBOnwSJvJrmyQhRwOKEwFXAPeSENpRPrgghGoSK9oiPmfC3nR09pO3Lg7Kzb+Nx\nNTIugkYWw1zXQ+WIt7r/pyiJbVsIHhHl2rchsd5ARgG6Pb1ZA3JkZmOVo374UzKk\n1JGIN2tkGJRkg5kadYtSzB8bNYcQiLbfdxiRPe9bLZiBjbSQMC+NeNAfO69N2HbW\nSnnoH7pFexc2d8SUOqOCEw8Uiq4J7Lu23+Dh32EmOaD7eT9sgngc4Po+0Rgw5SeT\nHNMNaIvF/8X/LsRrF4OVFebocfy4G7lVga0ibJQqa2MkIetfnUECggEBAOdSk821\ndrwcnA7aWcghQyk9UtKx9Znzlq0JqNN3TaFH1H5tzeohamGrHWSWkBGm0MYKfQd6\nThq5wGZR5HD7G4+vE925/dCDWVXZYgoh6b4rIBIbIgRDkVnk2Dh2NBZFhpguzFaA\nNLdJ1WLFPFdQyA+xAs5DqrALGZSODmo3yTKO7+79UN+IMnMUt5fzUVkv1fz8I4HM\nj6oYwpJuo5YYweY+jdy88VavDm+R6io8pyb4EY4qXTYfMD3viDAJWklnkXDrTRF2\nr+/yNCAwCd5k4BUWzVdfb5sxYMZ+HG7YmQeuskTVo6gHpmBmN1hLBgR9bcu6iJ1u\nHTkb3qgjwvwmnvUCggEBANxLw4i7dS2QRkg+eYY+Mx64eY7NRVnCdPZzORQZT7rC\nF8PBYp24PJjSYSjmNvxEsYWwzshDK5BhjyG6GrXtxt3nyZEUW5JoUL2pcmcW9+DW\nElt8x6XCeTNTO3JyUJe6gJ3eXmJ0+4gb8WYExFoo+u7nOp4Q+kFqxyUyh+p4jxKU\n+LAH1VFHoT2+z8flqWYra+VUB8+2IxbaaUjvRU+aWw+jjoJgXFoIDRfidw+ntX1Z\nEILstdTA1fJ+nSYq/a31lFJh6EPEAj3SFC6jtv+bHt2QmK2bsg2wboF/VTyiwFv2\nskCiSA0AVgNRLMaE+CjB6Z/dqlRxQEIhjVKX6YttFxkCggEBAIuUd10kBw5BESWh\nOZWaBIWI3EYIXdNUeXHWJ0nabjxINH9JUHvbR+7BKs48T5hnGQi24XS2pxRXSzIy\nbe6ChsHvecRL60x7RVeZASBuEDXQndxvBNqfzr/4Z0PCh3F86FdBvcjgOW7znU+p\nBd0GAIH/ZFsD16W8POY3xZjwKnZYa4zAy6Dl9NMeCB4nEsoHJE8v8VjsDzArGpTz\nL8BtFesRidZNKC8PGF3YJPzxdkb8XtNy2qXCsgBdXcbmjdVHKiqBwRItlMHrWuql\nMf9AzTnMdYEoNBbn96YuCIgWKFjLYARLCSJl4029v92F/46MBMlut+qOvBFusK6y\nTYCK6VUCggEAYR7x1K04at8JbT5F214+sVOJG+D5qynk4OZJisfh86cwTPhMHtaj\nuIg/l4VvRmaOkS8y6u1aHmw0ax0eO4jZvOk8Xz7HZFOjDQrQSgzBOZmHPFhVuIl1\nX6BZPAqT52Cs5Wys1eFXJ1mSYnTFkC4y+vJsUFWRzxdhNtABRejiwsF0pj691/ip\naIxgFHP26/lGtzMFwpg8/g1Kj4IVX5Pgg5OK94W+EV8tTpNkBD3e8KU8d0weme5u\nJFuXssUPVAtJ2cwaVw3qIxEkHq/EtQnRYMMn3JogtJJNFcBqdrIV9jVbvs0M0NaO\nFSZLhDYJJgbflcBnIJVRTBZ4tKoOp45vuQKCAQAbw0sDJ54PVg/0e5rPREwlPBvC\n6dUVbyvEYaZsPND/y0IG6U9/r6p4yKRoriV4jq07HbZPr5+eR9CWT7VY5X+MHQjo\nLXIM5CZnsqaWQrE6MX/YKkYaaXSjCO5ljbv/5xK5aM8VN7ptQGw1v3PQGXKKhKdG\nORWfJmKodfvMEXVOKdvLNdXx6bOF8HNv0xP2AYR1XXme5VUQz5nisAawei95PhX/\njf38LkViWW6COE3CLXt/rJM+Xen5gZx/PHzwDqEjc8MJYiIKM4gIxSrQ8M2/e9DO\nGZZzMgHAFYqqx2IX2grZbcV+EEMZEm4kthnaERBwGjb2zklKIi9sXn1W7KFc\n-----END RSA PRIVATE KEY-----\n",
            "private_key_pem_pkcs8": "-----BEGIN PRIVATE KEY-----\nMIIJQwIBADANBgkqhkiG9w0BAQEFAASCCS0wggkpAgEAAoICAQDHD2zliQ2d1D1e\nCXHKCDr6epX831cp4LeeSwUH2E2fwPXeTvzQ86pQPeR3tss52XlXrFXzQrxZcdGA\nfYJrjPcTAsj8vz//2bLvT8yUubIUO0XNc13Rdkse4MdPTVzh3RnelO14j+TrUFhm\nW/Vu6biq85uuy4tF6GQKFew05gjLCRV+x9TMExcQW/CfiWhBt7QZ9JoHLTunFCGr\nT2w6O54vcx4YNNJAqfsORGAKJK6qxmpTvTuaieTleAbJhPEsRSrf0wJ+evI7Zkkb\n/2fx5fJ0LLC8QOZbLeDGYIqA8J59bfG2MVSRkqqGXrpAAimy0lNga0m/CAgo9o+W\nL4NDx/w/j65XF3/NqCns15kAE2gXPkY5IPdLog3QHAIfruWvAUYuITUgKwbdWh6G\nMou7sH41KE6NdooLqAEWCmorzt02HgAcEhfsL4p1QOIcQsWNj7D4UBMMgiNRx1ab\nv2thwqrEyCL1wYYBDZWGUVN5UTccdDUclb2xPjEPzb2SZAaKtRqRQqFsxsJIT1KR\nuX2vhdX5GWxigAiHSXdghY4ErDwDPDqSm7Ii0O9IFyv2lLnmlNgQc+hGyI7NhkH/\nfwMjMLwl8A0LYo0PlhJjLK33FUCxxyBG4EvsJgKOn8lbOx/wY+uug23s/MN1DtLJ\nnXS5X2X5PNRmUtlrbm8U84dvzV6I7QIDAQABAoICAQDCHlLNjFeRADZQC9nBcUFC\nnmTB0nLHzfKCFRp0ygT4s02RW2nDwrrlwVWZQNLyORfR3ad7sCrI9uuc58hVZYRU\nL7UcdMzOjdem9CTHLEdy31J0xfpJl5guJnl25jSbtefSXV0u4vQUXae3Ohof7SA+\n5Y1+adQJelSEWVidRW5xwQwLNIhZ8ovdUitXCMJ4w9KINTY3pW60wjcLPkqGhzj9\ngL9qT6hxktHW2ermOVt0AkYSH0mOrMZg2CmWP2SJDXKADuAxw2eRcW/+M5WEGf/U\nNviqvIdnh1fZXK/0ibGlE6BRUc3soCBXJO1wGivbzKuuLTIfbo+2kqr3hKH3aYCc\nKvG3MOd4UTDTGvjjr8l4XnuTcSx+5+WDHRyiYE6fBIm8mubJCFHA4oTAVcA95IQ2\nlE+uCCEahIr2iI+Z8LedHT2k7cuDsrNv43E1Mi6CRhbDXNdD5Yi3uv+nKIltWwge\nEeXatyGx3kBGAbo9vVkDcmRmY5WjfvhTMqTUkYg3a2QYlGSDmRp1i1LMHxs1hxCI\ntt93GJE971stmIGNtJAwL4140B87r03YdtZKeegfukV7FzZ3xJQ6o4ITDxSKrgns\nu7bf4OHfYSY5oPt5P2yCeBzg+j7RGDDlJ5Mc0w1oi8X/xf8uxGsXg5UV5uhx/Lgb\nuVWBrSJslCprYyQh61+dQQKCAQEA51KTzbV2vBycDtpZyCFDKT1S0rH1mfOWrQmo\n03dNoUfUfm3N6iFqYasdZJaQEabQxgp9B3pOGrnAZlHkcPsbj68T3bn90INZVdli\nCiHpvisgEhsiBEORWeTYOHY0FkWGmC7MVoA0t0nVYsU8V1DID7ECzkOqsAsZlI4O\najfJMo7v7v1Q34gycxS3l/NRWS/V/PwjgcyPqhjCkm6jlhjB5j6N3LzxVq8Ob5Hq\nKjynJvgRjipdNh8wPe+IMAlaSWeRcOtNEXav7/I0IDAJ3mTgFRbNV19vmzFgxn4c\nbtiZB66yRNWjqAemYGY3WEsGBH1ty7qInW4dORveqCPC/Cae9QKCAQEA3EvDiLt1\nLZBGSD55hj4zHrh5js1FWcJ09nM5FBlPusIXw8Finbg8mNJhKOY2/ESxhbDOyEMr\nkGGPIboate3G3efJkRRbkmhQvalyZxb34NYSW3zHpcJ5M1M7cnJQl7qAnd5eYnT7\niBvxZgTEWij67uc6nhD6QWrHJTKH6niPEpT4sAfVUUehPb7Px+WpZitr5VQHz7Yj\nFtppSO9FT5pbD6OOgmBcWggNF+J3D6e1fVkQguy11MDV8n6dJir9rfWUUmHoQ8QC\nPdIULqO2/5se3ZCYrZuyDbBugX9VPKLAW/ayQKJIDQBWA1EsxoT4KMHpn92qVHFA\nQiGNUpfpi20XGQKCAQEAi5R3XSQHDkERJaE5lZoEhYjcRghd01R5cdYnSdpuPEg0\nf0lQe9tH7sEqzjxPmGcZCLbhdLanFFdLMjJt7oKGwe95xEvrTHtFV5kBIG4QNdCd\n3G8E2p/Ov/hnQ8KHcXzoV0G9yOA5bvOdT6kF3QYAgf9kWwPXpbw85jfFmPAqdlhr\njMDLoOX00x4IHicSygckTy/xWOwPMCsalPMvwG0V6xGJ1k0oLw8YXdgk/PF2Rvxe\n03LapcKyAF1dxuaN1UcqKoHBEi2Uweta6qUx/0DNOcx1gSg0Fuf3pi4IiBYoWMtg\nBEsJImXjTb2/3YX/jowEyW636o68EW6wrrJNgIrpVQKCAQBhHvHUrThq3wltPkXb\nXj6xU4kb4PmrKeTg5kmKx+HzpzBM+Ewe1qO4iD+XhW9GZo6RLzLq7VoebDRrHR47\niNm86TxfPsdkU6MNCtBKDME5mYc8WFW4iXVfoFk8CpPnYKzlbKzV4VcnWZJidMWQ\nLjL68mxQVZHPF2E20AFF6OLCwXSmPr3X+KlojGAUc/br+Ua3MwXCmDz+DUqPghVf\nk+CDk4r3hb4RXy1Ok2QEPd7wpTx3TB6Z7m4kW5eyxQ9UC0nZzBpXDeojESQer8S1\nCdFgwyfcmiC0kk0VwGp2shX2NVu+zQzQ1o4VJkuENgkmBt+VwGcglVFMFni0qg6n\njm+5AoIBABvDSwMnng9WD/R7ms9ETCU8G8Lp1RVvK8Rhpmw80P/LQgbpT3+vqnjI\npGiuJXiOrTsdtk+vn55H0JZPtVjlf4wdCOgtcgzkJmeyppZCsToxf9gqRhppdKMI\n7mWNu//nErlozxU3um1AbDW/c9AZcoqEp0Y5FZ8mYqh1+8wRdU4p28s11fHps4Xw\nc2/TE/YBhHVdeZ7lVRDPmeKwBrB6L3k+Ff+N/fwuRWJZboI4TcIte3+skz5d6fmB\nnH88fPAOoSNzwwliIgoziAjFKtDwzb970M4ZlnMyAcAViqrHYhfaCtltxX4QQxkS\nbiS2GdoREHAaNvbOSUoiL2xefVbsoVw=\n-----END PRIVATE KEY-----\n",
            "public_key_fingerprint_md5": "5c:2b:23:81:ea:ff:65:c8:4b:92:b9:ee:e4:ef:9b:f4",
            "public_key_fingerprint_sha256": "SHA256:2L8CvlRMxUKch1/mlfkjSIhKX7x2cGT6G05Cf0aTC7I",
            "public_key_openssh": "ssh-rsa AAAAB3NzaC1yc2EAAAADAQABAAACAQDHD2zliQ2d1D1eCXHKCDr6epX831cp4LeeSwUH2E2fwPXeTvzQ86pQPeR3tss52XlXrFXzQrxZcdGAfYJrjPcTAsj8vz//2bLvT8yUubIUO0XNc13Rdkse4MdPTVzh3RnelO14j+TrUFhmW/Vu6biq85uuy4tF6GQKFew05gjLCRV+x9TMExcQW/CfiWhBt7QZ9JoHLTunFCGrT2w6O54vcx4YNNJAqfsORGAKJK6qxmpTvTuaieTleAbJhPEsRSrf0wJ+evI7Zkkb/2fx5fJ0LLC8QOZbLeDGYIqA8J59bfG2MVSRkqqGXrpAAimy0lNga0m/CAgo9o+WL4NDx/w/j65XF3/NqCns15kAE2gXPkY5IPdLog3QHAIfruWvAUYuITUgKwbdWh6GMou7sH41KE6NdooLqAEWCmorzt02HgAcEhfsL4p1QOIcQsWNj7D4UBMMgiNRx1abv2thwqrEyCL1wYYBDZWGUVN5UTccdDUclb2xPjEPzb2SZAaKtRqRQqFsxsJIT1KRuX2vhdX5GWxigAiHSXdghY4ErDwDPDqSm7Ii0O9IFyv2lLnmlNgQc+hGyI7NhkH/fwMjMLwl8A0LYo0PlhJjLK33FUCxxyBG4EvsJgKOn8lbOx/wY+uug23s/MN1DtLJnXS5X2X5PNRmUtlrbm8U84dvzV6I7Q==\n",
            "public_key_pem": "-----BEGIN PUBLIC KEY-----\nMIICIjANBgkqhkiG9w0BAQEFAAOCAg8AMIICCgKCAgEAxw9s5YkNndQ9Xglxygg6\n+nqV/N9XKeC3nksFB9hNn8D13k780POqUD3kd7bLOdl5V6xV80K8WXHRgH2Ca4z3\nEwLI/L8//9my70/MlLmyFDtFzXNd0XZLHuDHT01c4d0Z3pTteI/k61BYZlv1bum4\nqvObrsuLRehkChXsNOYIywkVfsfUzBMXEFvwn4loQbe0GfSaBy07pxQhq09sOjue\nL3MeGDTSQKn7DkRgCiSuqsZqU707monk5XgGyYTxLEUq39MCfnryO2ZJG/9n8eXy\ndCywvEDmWy3gxmCKgPCefW3xtjFUkZKqhl66QAIpstJTYGtJvwgIKPaPli+DQ8f8\nP4+uVxd/zagp7NeZABNoFz5GOSD3S6IN0BwCH67lrwFGLiE1ICsG3VoehjKLu7B+\nNShOjXaKC6gBFgpqK87dNh4AHBIX7C+KdUDiHELFjY+w+FATDIIjUcdWm79rYcKq\nxMgi9cGGAQ2VhlFTeVE3HHQ1HJW9sT4xD829kmQGirUakUKhbMbCSE9Skbl9r4XV\n+RlsYoAIh0l3YIWOBKw8Azw6kpuyItDvSBcr9pS55pTYEHPoRsiOzYZB/38DIzC8\nJfANC2KND5YSYyyt9xVAsccgRuBL7CYCjp/JWzsf8GPrroNt7PzDdQ7SyZ10uV9l\n+TzUZlLZa25vFPOHb81eiO0CAwEAAQ==\n-----END PUBLIC KEY-----\n",
            "rsa_bits": 4096
          },
          "sensitive_attributes": [],
          "create_before_destroy": true
        }
      ]
    },
    {
      "module": "module.autoscalingGroup",
      "mode": "managed",
      "type": "aws_autoscaling_group",
      "name": "asg_webserver",
      "provider": "provider[\"registry.terraform.io/hashicorp/aws\"]",
      "instances": [
        {
          "schema_version": 0,
          "attributes": {
            "arn": "arn:aws:autoscaling:us-east-1:376458611694:autoScalingGroup:aa5aa0ce-628d-4e40-83b7-5db02d09148b:autoScalingGroupName/asg-test",
            "availability_zones": [
              "us-east-1b"
            ],
            "capacity_rebalance": false,
            "context": "",
            "default_cooldown": 300,
            "default_instance_warmup": 0,
            "desired_capacity": 1,
            "enabled_metrics": [],
            "force_delete": false,
            "force_delete_warm_pool": false,
            "health_check_grace_period": 300,
            "health_check_type": "EC2",
            "id": "asg-test",
            "initial_lifecycle_hook": [],
            "instance_refresh": [
              {
                "preferences": [
                  {
                    "checkpoint_delay": "",
                    "checkpoint_percentages": [],
                    "instance_warmup": "",
                    "min_healthy_percentage": 50,
                    "skip_matching": false
                  }
                ],
                "strategy": "Rolling",
                "triggers": [
                  "tag"
                ]
              }
            ],
            "launch_configuration": "test20230119054837965300000003",
            "launch_template": [],
            "load_balancers": [],
            "max_instance_lifetime": 0,
            "max_size": 2,
            "metrics_granularity": "1Minute",
            "min_elb_capacity": null,
            "min_size": 1,
            "mixed_instances_policy": [],
            "name": "asg-test",
            "name_prefix": "",
            "placement_group": "",
            "protect_from_scale_in": false,
            "service_linked_role_arn": "arn:aws:iam::376458611694:role/aws-service-role/autoscaling.amazonaws.com/AWSServiceRoleForAutoScaling",
            "suspended_processes": [
              "Terminate"
            ],
            "tag": [
              {
                "key": "Name",
                "propagate_at_launch": true,
                "value": "ASG-test"
              }
            ],
            "tags": null,
            "target_group_arns": [
              "arn:aws:elasticloadbalancing:us-east-1:376458611694:targetgroup/tgWebserver/3c976b11d092de5b"
            ],
            "termination_policies": [
              "NewestInstance"
            ],
            "timeouts": null,
            "vpc_zone_identifier": [
              "subnet-09a7f6fbc18c3f2f2"
            ],
            "wait_for_capacity_timeout": "10m",
            "wait_for_elb_capacity": null,
            "warm_pool": []
          },
          "sensitive_attributes": [],
          "private": "eyJlMmJmYjczMC1lY2FhLTExZTYtOGY4OC0zNDM2M2JjN2M0YzAiOnsiZGVsZXRlIjo2MDAwMDAwMDAwMDAsInVwZGF0ZSI6NjAwMDAwMDAwMDAwfX0=",
          "dependencies": [
            "aws_key_pair.ec2_key",
            "data.aws_ami.ubuntu",
            "module.autoscalingGroup.aws_launch_configuration.launch_webserver",
            "module.loadbalancer.aws_lb_target_group.tgWebserver",
            "module.network.aws_subnet.private_subnet",
            "module.network.aws_vpc.vpc",
            "module.securityGroup.aws_security_group.sgPublic",
            "tls_private_key.privateKey"
          ],
          "create_before_destroy": true
        }
      ]
    },
    {
      "module": "module.autoscalingGroup",
      "mode": "managed",
      "type": "aws_launch_configuration",
      "name": "launch_webserver",
      "provider": "provider[\"registry.terraform.io/hashicorp/aws\"]",
      "instances": [
        {
          "schema_version": 0,
          "attributes": {
            "arn": "arn:aws:autoscaling:us-east-1:376458611694:launchConfiguration:ec6819af-776d-42ba-8bb7-4dbf4dc91ae6:launchConfigurationName/test20230119054837965300000003",
            "associate_public_ip_address": false,
            "ebs_block_device": [],
            "ebs_optimized": false,
            "enable_monitoring": true,
            "ephemeral_block_device": [],
            "iam_instance_profile": "",
            "id": "test20230119054837965300000003",
            "image_id": "ami-0778521d914d23bc1",
            "instance_type": "t3a.nano",
            "key_name": "test",
            "metadata_options": [],
            "name": "test20230119054837965300000003",
            "name_prefix": "test",
            "placement_tenancy": "",
            "root_block_device": [],
            "security_groups": [
              "sg-0e7f9cf62d572369f"
            ],
            "spot_price": "0.016",
            "user_data": "324c741a4c237488c42f8043e0c2f4c58a33af51",
            "user_data_base64": null,
            "vpc_classic_link_id": "",
            "vpc_classic_link_security_groups": []
          },
          "sensitive_attributes": [],
          "private": "bnVsbA==",
          "dependencies": [
            "aws_key_pair.ec2_key",
            "data.aws_ami.ubuntu",
            "module.network.aws_vpc.vpc",
            "module.securityGroup.aws_security_group.sgPublic",
            "tls_private_key.privateKey"
          ],
          "create_before_destroy": true
        }
      ]
    },
    {
      "module": "module.loadbalancer",
      "mode": "managed",
      "type": "aws_lb_target_group",
      "name": "tgWebserver",
      "provider": "provider[\"registry.terraform.io/hashicorp/aws\"]",
      "instances": [
        {
          "schema_version": 0,
          "attributes": {
            "arn": "arn:aws:elasticloadbalancing:us-east-1:376458611694:targetgroup/tgWebserver/3c976b11d092de5b",
            "arn_suffix": "targetgroup/tgWebserver/3c976b11d092de5b",
            "connection_termination": false,
            "deregistration_delay": "300",
            "health_check": [
              {
                "enabled": true,
                "healthy_threshold": 5,
                "interval": 30,
                "matcher": "200",
                "path": "/",
                "port": "traffic-port",
                "protocol": "HTTP",
                "timeout": 5,
                "unhealthy_threshold": 2
              }
            ],
            "id": "arn:aws:elasticloadbalancing:us-east-1:376458611694:targetgroup/tgWebserver/3c976b11d092de5b",
            "ip_address_type": "ipv4",
            "lambda_multi_value_headers_enabled": false,
            "load_balancing_algorithm_type": "round_robin",
            "name": "tgWebserver",
            "name_prefix": null,
            "port": 80,
            "preserve_client_ip": null,
            "protocol": "HTTP",
            "protocol_version": "HTTP1",
            "proxy_protocol_v2": false,
            "slow_start": 0,
            "stickiness": [
              {
                "cookie_duration": 86400,
                "cookie_name": "",
                "enabled": false,
                "type": "lb_cookie"
              }
            ],
            "tags": {},
            "tags_all": {},
            "target_failover": [
              {
                "on_deregistration": null,
                "on_unhealthy": null
              }
            ],
            "target_type": "instance",
            "vpc_id": "vpc-0795a8aa83ded84e6"
          },
          "sensitive_attributes": [],
          "private": "bnVsbA==",
          "dependencies": [
            "module.network.aws_vpc.vpc"
          ],
          "create_before_destroy": true
        }
      ]
    },
    {
      "module": "module.network",
      "mode": "managed",
      "type": "aws_subnet",
      "name": "private_subnet",
      "provider": "provider[\"registry.terraform.io/hashicorp/aws\"]",
      "instances": [
        {
          "schema_version": 1,
          "attributes": {
            "arn": "arn:aws:ec2:us-east-1:376458611694:subnet/subnet-09a7f6fbc18c3f2f2",
            "assign_ipv6_address_on_creation": false,
            "availability_zone": "us-east-1b",
            "availability_zone_id": "use1-az2",
            "cidr_block": "10.0.3.0/24",
            "customer_owned_ipv4_pool": "",
            "enable_dns64": false,
            "enable_resource_name_dns_a_record_on_launch": false,
            "enable_resource_name_dns_aaaa_record_on_launch": false,
            "id": "subnet-09a7f6fbc18c3f2f2",
            "ipv6_cidr_block": "",
            "ipv6_cidr_block_association_id": "",
            "ipv6_native": false,
            "map_customer_owned_ip_on_launch": false,
            "map_public_ip_on_launch": false,
            "outpost_arn": "",
            "owner_id": "376458611694",
            "private_dns_hostname_type_on_launch": "ip-name",
            "tags": {},
            "tags_all": {},
            "timeouts": null,
            "vpc_id": "vpc-0795a8aa83ded84e6"
          },
          "sensitive_attributes": [],
          "private": "eyJlMmJmYjczMC1lY2FhLTExZTYtOGY4OC0zNDM2M2JjN2M0YzAiOnsiY3JlYXRlIjo2MDAwMDAwMDAwMDAsImRlbGV0ZSI6MTIwMDAwMDAwMDAwMH0sInNjaGVtYV92ZXJzaW9uIjoiMSJ9",
          "dependencies": [
            "module.network.aws_vpc.vpc"
          ],
          "create_before_destroy": true
        }
      ]
    },
    {
      "module": "module.network",
      "mode": "managed",
      "type": "aws_vpc",
      "name": "vpc",
      "provider": "provider[\"registry.terraform.io/hashicorp/aws\"]",
      "instances": [
        {
          "schema_version": 1,
          "attributes": {
            "arn": "arn:aws:ec2:us-east-1:376458611694:vpc/vpc-0795a8aa83ded84e6",
            "assign_generated_ipv6_cidr_block": false,
            "cidr_block": "10.0.0.0/16",
            "default_network_acl_id": "acl-0429c8e6acf70b18d",
            "default_route_table_id": "rtb-04a8dd466cd56ef65",
            "default_security_group_id": "sg-0a6549732ef7937f1",
            "dhcp_options_id": "dopt-0ae6440c339c1b8b4",
            "enable_classiclink": false,
            "enable_classiclink_dns_support": false,
            "enable_dns_hostnames": false,
            "enable_dns_support": true,
            "enable_network_address_usage_metrics": false,
            "id": "vpc-0795a8aa83ded84e6",
            "instance_tenancy": "default",
            "ipv4_ipam_pool_id": null,
            "ipv4_netmask_length": null,
            "ipv6_association_id": "",
            "ipv6_cidr_block": "",
            "ipv6_cidr_block_network_border_group": "",
            "ipv6_ipam_pool_id": "",
            "ipv6_netmask_length": 0,
            "main_route_table_id": "rtb-04a8dd466cd56ef65",
            "owner_id": "376458611694",
            "tags": {
              "Name": "VPC test"
            },
            "tags_all": {
              "Name": "VPC test"
            }
          },
          "sensitive_attributes": [],
          "private": "eyJzY2hlbWFfdmVyc2lvbiI6IjEifQ==",
          "create_before_destroy": true
        }
      ]
    },
    {
      "module": "module.securityGroup",
      "mode": "managed",
      "type": "aws_security_group",
      "name": "sgPublic",
      "provider": "provider[\"registry.terraform.io/hashicorp/aws\"]",
      "instances": [
        {
          "schema_version": 1,
          "attributes": {
            "arn": "arn:aws:ec2:us-east-1:376458611694:security-group/sg-0e7f9cf62d572369f",
            "description": "Allow SSH inbound traffic",
            "egress": [
              {
                "cidr_blocks": [
                  "0.0.0.0/0"
                ],
                "description": "",
                "from_port": 0,
                "ipv6_cidr_blocks": [
                  "::/0"
                ],
                "prefix_list_ids": [],
                "protocol": "-1",
                "security_groups": [],
                "self": false,
                "to_port": 0
              }
            ],
            "id": "sg-0e7f9cf62d572369f",
            "ingress": [
              {
                "cidr_blocks": [
                  "0.0.0.0/0"
                ],
                "description": "HTTPS from Internet",
                "from_port": 80,
                "ipv6_cidr_blocks": [],
                "prefix_list_ids": [],
                "protocol": "tcp",
                "security_groups": [],
                "self": false,
                "to_port": 80
              },
              {
                "cidr_blocks": [
                  "0.0.0.0/0"
                ],
                "description": "SSH from internet",
                "from_port": 22,
                "ipv6_cidr_blocks": [],
                "prefix_list_ids": [],
                "protocol": "tcp",
                "security_groups": [],
                "self": false,
                "to_port": 22
              }
            ],
            "name": "sgPublic",
            "name_prefix": "",
            "owner_id": "376458611694",
            "revoke_rules_on_delete": false,
            "tags": {
              "Name": "allow_tls"
            },
            "tags_all": {
              "Name": "allow_tls"
            },
            "timeouts": null,
            "vpc_id": "vpc-0795a8aa83ded84e6"
          },
          "sensitive_attributes": [],
          "private": "eyJlMmJmYjczMC1lY2FhLTExZTYtOGY4OC0zNDM2M2JjN2M0YzAiOnsiY3JlYXRlIjo2MDAwMDAwMDAwMDAsImRlbGV0ZSI6OTAwMDAwMDAwMDAwfSwic2NoZW1hX3ZlcnNpb24iOiIxIn0=",
          "dependencies": [
            "module.network.aws_vpc.vpc"
          ],
          "create_before_destroy": true
        }
      ]
    }
  ],
  "check_results": null
}
