{
  "version": 4,
  "terraform_version": "1.3.5",
  "serial": 4,
  "lineage": "fb1cc430-49f3-dd38-4cd4-d90fe25badc8",
  "outputs": {},
  "resources": [
    {
      "mode": "managed",
      "type": "aws_s3_bucket",
      "name": "remote_state",
      "provider": "provider[\"registry.terraform.io/hashicorp/aws\"]",
      "instances": [
        {
          "schema_version": 0,
          "attributes": {
            "acceleration_status": "",
            "acl": null,
            "arn": "arn:aws:s3:::terralabs-remote-state-01",
            "bucket": "terralabs-remote-state-01",
            "bucket_domain_name": "terralabs-remote-state-01.s3.amazonaws.com",
            "bucket_prefix": null,
            "bucket_regional_domain_name": "terralabs-remote-state-01.s3.amazonaws.com",
            "cors_rule": [],
            "force_destroy": false,
            "grant": [
              {
                "id": "49ff3b3cd3d789ed2ee8a9bbc28f70000a8c964f934b6295b5c17a9ff60b55d9",
                "permissions": [
                  "FULL_CONTROL"
                ],
                "type": "CanonicalUser",
                "uri": ""
              }
            ],
            "hosted_zone_id": "Z3AQBSTGFYJSTF",
            "id": "terralabs-remote-state-01",
            "lifecycle_rule": [],
            "logging": [],
            "object_lock_configuration": [],
            "object_lock_enabled": false,
            "policy": "",
            "region": "us-east-1",
            "replication_configuration": [],
            "request_payer": "BucketOwner",
            "server_side_encryption_configuration": [],
            "tags": {
              "Environment": "dev"
            },
            "tags_all": {
              "Environment": "dev"
            },
            "timeouts": null,
            "versioning": [
              {
                "enabled": false,
                "mfa_delete": false
              }
            ],
            "website": [],
            "website_domain": null,
            "website_endpoint": null
          },
          "sensitive_attributes": [],
          "private": "eyJlMmJmYjczMC1lY2FhLTExZTYtOGY4OC0zNDM2M2JjN2M0YzAiOnsiY3JlYXRlIjoxMjAwMDAwMDAwMDAwLCJkZWxldGUiOjM2MDAwMDAwMDAwMDAsInJlYWQiOjEyMDAwMDAwMDAwMDAsInVwZGF0ZSI6MTIwMDAwMDAwMDAwMH19"
        }
      ]
    },
    {
      "mode": "managed",
      "type": "aws_s3_bucket_acl",
      "name": "remote_state",
      "provider": "provider[\"registry.terraform.io/hashicorp/aws\"]",
      "instances": [
        {
          "schema_version": 0,
          "attributes": {
            "access_control_policy": [
              {
                "grant": [
                  {
                    "grantee": [
                      {
                        "display_name": "servicios.chavarria.cr",
                        "email_address": "",
                        "id": "49ff3b3cd3d789ed2ee8a9bbc28f70000a8c964f934b6295b5c17a9ff60b55d9",
                        "type": "CanonicalUser",
                        "uri": ""
                      }
                    ],
                    "permission": "FULL_CONTROL"
                  }
                ],
                "owner": [
                  {
                    "display_name": "servicios.chavarria.cr",
                    "id": "49ff3b3cd3d789ed2ee8a9bbc28f70000a8c964f934b6295b5c17a9ff60b55d9"
                  }
                ]
              }
            ],
            "acl": "private",
            "bucket": "terralabs-remote-state-01",
            "expected_bucket_owner": "",
            "id": "terralabs-remote-state-01,private"
          },
          "sensitive_attributes": [],
          "private": "bnVsbA==",
          "dependencies": [
            "aws_s3_bucket.remote_state"
          ]
        }
      ]
    },
    {
      "mode": "managed",
      "type": "local_file",
      "name": "state_demo",
      "provider": "provider[\"registry.terraform.io/hashicorp/local\"]",
      "instances": [
        {
          "schema_version": 0,
          "attributes": {
            "content": "Archivo de estado: local",
            "content_base64": null,
            "directory_permission": "0777",
            "file_permission": "0777",
            "filename": "local",
            "id": "5bc3029e804c00adcbe580857c51e6d0630f8c31",
            "sensitive_content": null,
            "source": null
          },
          "sensitive_attributes": [],
          "private": "bnVsbA=="
        }
      ]
    }
  ],
  "check_results": null
}
